// !$*UTF8*$!
{
	archiveVersion = 1;
	classes = {
	};
	objectVersion = 50;
	objects = {

/* Begin PBXBuildFile section */
		C50C8DF0241A8DB700D60B81 /* AppDelegate.swift in Sources */ = {isa = PBXBuildFile; fileRef = C50C8DEF241A8DB700D60B81 /* AppDelegate.swift */; };
		C50C8DF2241A8DB700D60B81 /* SceneDelegate.swift in Sources */ = {isa = PBXBuildFile; fileRef = C50C8DF1241A8DB700D60B81 /* SceneDelegate.swift */; };
		C50C8DF7241A8DB700D60B81 /* Main.storyboard in Resources */ = {isa = PBXBuildFile; fileRef = C50C8DF5241A8DB700D60B81 /* Main.storyboard */; };
		C50C8DF9241A8DB800D60B81 /* Assets.xcassets in Resources */ = {isa = PBXBuildFile; fileRef = C50C8DF8241A8DB800D60B81 /* Assets.xcassets */; };
		C50C8DFC241A8DB800D60B81 /* LaunchScreen.storyboard in Resources */ = {isa = PBXBuildFile; fileRef = C50C8DFA241A8DB800D60B81 /* LaunchScreen.storyboard */; };
		C50C8E05241A93E000D60B81 /* Card.swift in Sources */ = {isa = PBXBuildFile; fileRef = C50C8E04241A93E000D60B81 /* Card.swift */; };
		C585CBED241A944800F05C98 /* CardController.swift in Sources */ = {isa = PBXBuildFile; fileRef = C585CBEC241A944800F05C98 /* CardController.swift */; };
		C585CBEF241A945700F05C98 /* CardTableViewController.swift in Sources */ = {isa = PBXBuildFile; fileRef = C585CBEE241A945700F05C98 /* CardTableViewController.swift */; };
		C585CBF1241A947000F05C98 /* DetailViewController.swift in Sources */ = {isa = PBXBuildFile; fileRef = C585CBF0241A947000F05C98 /* DetailViewController.swift */; };
		C585CBF3241A952300F05C98 /* CardError.swift in Sources */ = {isa = PBXBuildFile; fileRef = C585CBF2241A952300F05C98 /* CardError.swift */; };
		C585CBF7241AC50600F05C98 /* PresentError.swift in Sources */ = {isa = PBXBuildFile; fileRef = C585CBF6241AC50600F05C98 /* PresentError.swift */; };
		C585CBF9241ACEB300F05C98 /* CardTableViewCell.swift in Sources */ = {isa = PBXBuildFile; fileRef = C585CBF8241ACEB300F05C98 /* CardTableViewCell.swift */; };
/* End PBXBuildFile section */

/* Begin PBXFileReference section */
		C50C8DEC241A8DB700D60B81 /* MTG.app */ = {isa = PBXFileReference; explicitFileType = wrapper.application; includeInIndex = 0; path = MTG.app; sourceTree = BUILT_PRODUCTS_DIR; };
		C50C8DEF241A8DB700D60B81 /* AppDelegate.swift */ = {isa = PBXFileReference; lastKnownFileType = sourcecode.swift; path = AppDelegate.swift; sourceTree = "<group>"; };
		C50C8DF1241A8DB700D60B81 /* SceneDelegate.swift */ = {isa = PBXFileReference; lastKnownFileType = sourcecode.swift; path = SceneDelegate.swift; sourceTree = "<group>"; };
		C50C8DF6241A8DB700D60B81 /* Base */ = {isa = PBXFileReference; lastKnownFileType = file.storyboard; name = Base; path = Base.lproj/Main.storyboard; sourceTree = "<group>"; };
		C50C8DF8241A8DB800D60B81 /* Assets.xcassets */ = {isa = PBXFileReference; lastKnownFileType = folder.assetcatalog; path = Assets.xcassets; sourceTree = "<group>"; };
		C50C8DFB241A8DB800D60B81 /* Base */ = {isa = PBXFileReference; lastKnownFileType = file.storyboard; name = Base; path = Base.lproj/LaunchScreen.storyboard; sourceTree = "<group>"; };
		C50C8DFD241A8DB800D60B81 /* Info.plist */ = {isa = PBXFileReference; lastKnownFileType = text.plist.xml; path = Info.plist; sourceTree = "<group>"; };
		C50C8E04241A93E000D60B81 /* Card.swift */ = {isa = PBXFileReference; lastKnownFileType = sourcecode.swift; path = Card.swift; sourceTree = "<group>"; };
		C585CBEC241A944800F05C98 /* CardController.swift */ = {isa = PBXFileReference; lastKnownFileType = sourcecode.swift; path = CardController.swift; sourceTree = "<group>"; };
		C585CBEE241A945700F05C98 /* CardTableViewController.swift */ = {isa = PBXFileReference; lastKnownFileType = sourcecode.swift; path = CardTableViewController.swift; sourceTree = "<group>"; };
		C585CBF0241A947000F05C98 /* DetailViewController.swift */ = {isa = PBXFileReference; lastKnownFileType = sourcecode.swift; path = DetailViewController.swift; sourceTree = "<group>"; };
		C585CBF2241A952300F05C98 /* CardError.swift */ = {isa = PBXFileReference; lastKnownFileType = sourcecode.swift; path = CardError.swift; sourceTree = "<group>"; };
		C585CBF6241AC50600F05C98 /* PresentError.swift */ = {isa = PBXFileReference; lastKnownFileType = sourcecode.swift; path = PresentError.swift; sourceTree = "<group>"; };
		C585CBF8241ACEB300F05C98 /* CardTableViewCell.swift */ = {isa = PBXFileReference; lastKnownFileType = sourcecode.swift; path = CardTableViewCell.swift; sourceTree = "<group>"; };
/* End PBXFileReference section */

/* Begin PBXFrameworksBuildPhase section */
		C50C8DE9241A8DB700D60B81 /* Frameworks */ = {
			isa = PBXFrameworksBuildPhase;
			buildActionMask = 2147483647;
			files = (
			);
			runOnlyForDeploymentPostprocessing = 0;
		};
/* End PBXFrameworksBuildPhase section */

/* Begin PBXGroup section */
		C50C8DE3241A8DB700D60B81 = {
			isa = PBXGroup;
			children = (
				C50C8DEE241A8DB700D60B81 /* MTG */,
				C50C8DED241A8DB700D60B81 /* Products */,
			);
			sourceTree = "<group>";
		};
		C50C8DED241A8DB700D60B81 /* Products */ = {
			isa = PBXGroup;
			children = (
				C50C8DEC241A8DB700D60B81 /* MTG.app */,
			);
			name = Products;
			sourceTree = "<group>";
		};
		C50C8DEE241A8DB700D60B81 /* MTG */ = {
			isa = PBXGroup;
			children = (
				C50C8DF5241A8DB700D60B81 /* Main.storyboard */,
				C50C8E04241A93E000D60B81 /* Card.swift */,
				C585CBF2241A952300F05C98 /* CardError.swift */,
				C585CBF6241AC50600F05C98 /* PresentError.swift */,
				C585CBEC241A944800F05C98 /* CardController.swift */,
				C585CBEE241A945700F05C98 /* CardTableViewController.swift */,
				C585CBF8241ACEB300F05C98 /* CardTableViewCell.swift */,
				C585CBF0241A947000F05C98 /* DetailViewController.swift */,
				C50C8E03241A8DC800D60B81 /* Resources */,
			);
			path = MTG;
			sourceTree = "<group>";
		};
		C50C8E03241A8DC800D60B81 /* Resources */ = {
			isa = PBXGroup;
			children = (
				C50C8DEF241A8DB700D60B81 /* AppDelegate.swift */,
				C50C8DF1241A8DB700D60B81 /* SceneDelegate.swift */,
				C50C8DF8241A8DB800D60B81 /* Assets.xcassets */,
				C50C8DFA241A8DB800D60B81 /* LaunchScreen.storyboard */,
				C50C8DFD241A8DB800D60B81 /* Info.plist */,
			);
			path = Resources;
			sourceTree = "<group>";
		};
/* End PBXGroup section */

/* Begin PBXNativeTarget section */
		C50C8DEB241A8DB700D60B81 /* MTG */ = {
			isa = PBXNativeTarget;
			buildConfigurationList = C50C8E00241A8DB800D60B81 /* Build configuration list for PBXNativeTarget "MTG" */;
			buildPhases = (
				C50C8DE8241A8DB700D60B81 /* Sources */,
				C50C8DE9241A8DB700D60B81 /* Frameworks */,
				C50C8DEA241A8DB700D60B81 /* Resources */,
			);
			buildRules = (
			);
			dependencies = (
			);
			name = MTG;
			productName = MTG;
			productReference = C50C8DEC241A8DB700D60B81 /* MTG.app */;
			productType = "com.apple.product-type.application";
		};
/* End PBXNativeTarget section */

/* Begin PBXProject section */
		C50C8DE4241A8DB700D60B81 /* Project object */ = {
			isa = PBXProject;
			attributes = {
				LastSwiftUpdateCheck = 1130;
				LastUpgradeCheck = 1130;
				ORGANIZATIONNAME = "Jordan Furr";
				TargetAttributes = {
					C50C8DEB241A8DB700D60B81 = {
						CreatedOnToolsVersion = 11.3.1;
					};
				};
			};
			buildConfigurationList = C50C8DE7241A8DB700D60B81 /* Build configuration list for PBXProject "MTG" */;
			compatibilityVersion = "Xcode 9.3";
			developmentRegion = en;
			hasScannedForEncodings = 0;
			knownRegions = (
				en,
				Base,
			);
			mainGroup = C50C8DE3241A8DB700D60B81;
			productRefGroup = C50C8DED241A8DB700D60B81 /* Products */;
			projectDirPath = "";
			projectRoot = "";
			targets = (
				C50C8DEB241A8DB700D60B81 /* MTG */,
			);
		};
/* End PBXProject section */

/* Begin PBXResourcesBuildPhase section */
		C50C8DEA241A8DB700D60B81 /* Resources */ = {
			isa = PBXResourcesBuildPhase;
			buildActionMask = 2147483647;
			files = (
				C50C8DFC241A8DB800D60B81 /* LaunchScreen.storyboard in Resources */,
				C50C8DF9241A8DB800D60B81 /* Assets.xcassets in Resources */,
				C50C8DF7241A8DB700D60B81 /* Main.storyboard in Resources */,
			);
			runOnlyForDeploymentPostprocessing = 0;
		};
/* End PBXResourcesBuildPhase section */

/* Begin PBXSourcesBuildPhase section */
		C50C8DE8241A8DB700D60B81 /* Sources */ = {
			isa = PBXSourcesBuildPhase;
			buildActionMask = 2147483647;
			files = (
				C585CBF7241AC50600F05C98 /* PresentError.swift in Sources */,
				C50C8DF0241A8DB700D60B81 /* AppDelegate.swift in Sources */,
				C585CBED241A944800F05C98 /* CardController.swift in Sources */,
				C50C8E05241A93E000D60B81 /* Card.swift in Sources */,
				C585CBF1241A947000F05C98 /* DetailViewController.swift in Sources */,
				C585CBEF241A945700F05C98 /* CardTableViewController.swift in Sources */,
				C585CBF3241A952300F05C98 /* CardError.swift in Sources */,
				C585CBF9241ACEB300F05C98 /* CardTableViewCell.swift in Sources */,
				C50C8DF2241A8DB700D60B81 /* SceneDelegate.swift in Sources */,
			);
			runOnlyForDeploymentPostprocessing = 0;
		};
/* End PBXSourcesBuildPhase section */

/* Begin PBXVariantGroup section */
		C50C8DF5241A8DB700D60B81 /* Main.storyboard */ = {
			isa = PBXVariantGroup;
			children = (
				C50C8DF6241A8DB700D60B81 /* Base */,
			);
			name = Main.storyboard;
			sourceTree = "<group>";
		};
		C50C8DFA241A8DB800D60B81 /* LaunchScreen.storyboard */ = {
			isa = PBXVariantGroup;
			children = (
				C50C8DFB241A8DB800D60B81 /* Base */,
			);
			name = LaunchScreen.storyboard;
			sourceTree = "<group>";
		};
/* End PBXVariantGroup section */

/* Begin XCBuildConfiguration section */
		C50C8DFE241A8DB800D60B81 /* Debug */ = {
			isa = XCBuildConfiguration;
			buildSettings = {
				ALWAYS_SEARCH_USER_PATHS = NO;
				CLANG_ANALYZER_NONNULL = YES;
				CLANG_ANALYZER_NUMBER_OBJECT_CONVERSION = YES_AGGRESSIVE;
				CLANG_CXX_LANGUAGE_STANDARD = "gnu++14";
				CLANG_CXX_LIBRARY = "libc++";
				CLANG_ENABLE_MODULES = YES;
				CLANG_ENABLE_OBJC_ARC = YES;
				CLANG_ENABLE_OBJC_WEAK = YES;
				CLANG_WARN_BLOCK_CAPTURE_AUTORELEASING = YES;
				CLANG_WARN_BOOL_CONVERSION = YES;
				CLANG_WARN_COMMA = YES;
				CLANG_WARN_CONSTANT_CONVERSION = YES;
				CLANG_WARN_DEPRECATED_OBJC_IMPLEMENTATIONS = YES;
				CLANG_WARN_DIRECT_OBJC_ISA_USAGE = YES_ERROR;
				CLANG_WARN_DOCUMENTATION_COMMENTS = YES;
				CLANG_WARN_EMPTY_BODY = YES;
				CLANG_WARN_ENUM_CONVERSION = YES;
				CLANG_WARN_INFINITE_RECURSION = YES;
				CLANG_WARN_INT_CONVERSION = YES;
				CLANG_WARN_NON_LITERAL_NULL_CONVERSION = YES;
				CLANG_WARN_OBJC_IMPLICIT_RETAIN_SELF = YES;
				CLANG_WARN_OBJC_LITERAL_CONVERSION = YES;
				CLANG_WARN_OBJC_ROOT_CLASS = YES_ERROR;
				CLANG_WARN_RANGE_LOOP_ANALYSIS = YES;
				CLANG_WARN_STRICT_PROTOTYPES = YES;
				CLANG_WARN_SUSPICIOUS_MOVE = YES;
				CLANG_WARN_UNGUARDED_AVAILABILITY = YES_AGGRESSIVE;
				CLANG_WARN_UNREACHABLE_CODE = YES;
				CLANG_WARN__DUPLICATE_METHOD_MATCH = YES;
				COPY_PHASE_STRIP = NO;
				DEBUG_INFORMATION_FORMAT = dwarf;
				ENABLE_STRICT_OBJC_MSGSEND = YES;
				ENABLE_TESTABILITY = YES;
				GCC_C_LANGUAGE_STANDARD = gnu11;
				GCC_DYNAMIC_NO_PIC = NO;
				GCC_NO_COMMON_BLOCKS = YES;
				GCC_OPTIMIZATION_LEVEL = 0;
				GCC_PREPROCESSOR_DEFINITIONS = (
					"DEBUG=1",
					"$(inherited)",
				);
				GCC_WARN_64_TO_32_BIT_CONVERSION = YES;
				GCC_WARN_ABOUT_RETURN_TYPE = YES_ERROR;
				GCC_WARN_UNDECLARED_SELECTOR = YES;
				GCC_WARN_UNINITIALIZED_AUTOS = YES_AGGRESSIVE;
				GCC_WARN_UNUSED_FUNCTION = YES;
				GCC_WARN_UNUSED_VARIABLE = YES;
				IPHONEOS_DEPLOYMENT_TARGET = 13.2;
				MTL_ENABLE_DEBUG_INFO = INCLUDE_SOURCE;
				MTL_FAST_MATH = YES;
				ONLY_ACTIVE_ARCH = YES;
				SDKROOT = iphoneos;
				SWIFT_ACTIVE_COMPILATION_CONDITIONS = DEBUG;
				SWIFT_OPTIMIZATION_LEVEL = "-Onone";
			};
			name = Debug;
		};
		C50C8DFF241A8DB800D60B81 /* Release */ = {
			isa = XCBuildConfiguration;
			buildSettings = {
				ALWAYS_SEARCH_USER_PATHS = NO;
				CLANG_ANALYZER_NONNULL = YES;
				CLANG_ANALYZER_NUMBER_OBJECT_CONVERSION = YES_AGGRESSIVE;
				CLANG_CXX_LANGUAGE_STANDARD = "gnu++14";
				CLANG_CXX_LIBRARY = "libc++";
				CLANG_ENABLE_MODULES = YES;
				CLANG_ENABLE_OBJC_ARC = YES;
				CLANG_ENABLE_OBJC_WEAK = YES;
				CLANG_WARN_BLOCK_CAPTURE_AUTORELEASING = YES;
				CLANG_WARN_BOOL_CONVERSION = YES;
				CLANG_WARN_COMMA = YES;
				CLANG_WARN_CONSTANT_CONVERSION = YES;
				CLANG_WARN_DEPRECATED_OBJC_IMPLEMENTATIONS = YES;
				CLANG_WARN_DIRECT_OBJC_ISA_USAGE = YES_ERROR;
				CLANG_WARN_DOCUMENTATION_COMMENTS = YES;
				CLANG_WARN_EMPTY_BODY = YES;
				CLANG_WARN_ENUM_CONVERSION = YES;
				CLANG_WARN_INFINITE_RECURSION = YES;
				CLANG_WARN_INT_CONVERSION = YES;
				CLANG_WARN_NON_LITERAL_NULL_CONVERSION = YES;
				CLANG_WARN_OBJC_IMPLICIT_RETAIN_SELF = YES;
				CLANG_WARN_OBJC_LITERAL_CONVERSION = YES;
				CLANG_WARN_OBJC_ROOT_CLASS = YES_ERROR;
				CLANG_WARN_RANGE_LOOP_ANALYSIS = YES;
				CLANG_WARN_STRICT_PROTOTYPES = YES;
				CLANG_WARN_SUSPICIOUS_MOVE = YES;
				CLANG_WARN_UNGUARDED_AVAILABILITY = YES_AGGRESSIVE;
				CLANG_WARN_UNREACHABLE_CODE = YES;
				CLANG_WARN__DUPLICATE_METHOD_MATCH = YES;
				COPY_PHASE_STRIP = NO;
				DEBUG_INFORMATION_FORMAT = "dwarf-with-dsym";
				ENABLE_NS_ASSERTIONS = NO;
				ENABLE_STRICT_OBJC_MSGSEND = YES;
				GCC_C_LANGUAGE_STANDARD = gnu11;
				GCC_NO_COMMON_BLOCKS = YES;
				GCC_WARN_64_TO_32_BIT_CONVERSION = YES;
				GCC_WARN_ABOUT_RETURN_TYPE = YES_ERROR;
				GCC_WARN_UNDECLARED_SELECTOR = YES;
				GCC_WARN_UNINITIALIZED_AUTOS = YES_AGGRESSIVE;
				GCC_WARN_UNUSED_FUNCTION = YES;
				GCC_WARN_UNUSED_VARIABLE = YES;
				IPHONEOS_DEPLOYMENT_TARGET = 13.2;
				MTL_ENABLE_DEBUG_INFO = NO;
				MTL_FAST_MATH = YES;
				SDKROOT = iphoneos;
				SWIFT_COMPILATION_MODE = wholemodule;
				SWIFT_OPTIMIZATION_LEVEL = "-O";
				VALIDATE_PRODUCT = YES;
			};
			name = Release;
		};
		C50C8E01241A8DB800D60B81 /* Debug */ = {
			isa = XCBuildConfiguration;
			buildSettings = {
				ASSETCATALOG_COMPILER_APPICON_NAME = AppIcon;
				CODE_SIGN_STYLE = Automatic;
				INFOPLIST_FILE = MTG/Resources/Info.plist;
				LD_RUNPATH_SEARCH_PATHS = (
					"$(inherited)",
					"@executable_path/Frameworks",
				);
				PRODUCT_BUNDLE_IDENTIFIER = com.jordanfurr98.MTG;
				PRODUCT_NAME = "$(TARGET_NAME)";
				SWIFT_VERSION = 5.0;
				TARGETED_DEVICE_FAMILY = "1,2";
			};
			name = Debug;
		};
		C50C8E02241A8DB800D60B81 /* Release */ = {
			isa = XCBuildConfiguration;
			buildSettings = {
				ASSETCATALOG_COMPILER_APPICON_NAME = AppIcon;
				CODE_SIGN_STYLE = Automatic;
				INFOPLIST_FILE = MTG/Resources/Info.plist;
				LD_RUNPATH_SEARCH_PATHS = (
					"$(inherited)",
					"@executable_path/Frameworks",
				);
				PRODUCT_BUNDLE_IDENTIFIER = com.jordanfurr98.MTG;
				PRODUCT_NAME = "$(TARGET_NAME)";
				SWIFT_VERSION = 5.0;
				TARGETED_DEVICE_FAMILY = "1,2";
			};
			name = Release;
		};
/* End XCBuildConfiguration section */

/* Begin XCConfigurationList section */
		C50C8DE7241A8DB700D60B81 /* Build configuration list for PBXProject "MTG" */ = {
			isa = XCConfigurationList;
			buildConfigurations = (
				C50C8DFE241A8DB800D60B81 /* Debug */,
				C50C8DFF241A8DB800D60B81 /* Release */,
			);
			defaultConfigurationIsVisible = 0;
			defaultConfigurationName = Release;
		};
		C50C8E00241A8DB800D60B81 /* Build configuration list for PBXNativeTarget "MTG" */ = {
			isa = XCConfigurationList;
			buildConfigurations = (
				C50C8E01241A8DB800D60B81 /* Debug */,
				C50C8E02241A8DB800D60B81 /* Release */,
			);
			defaultConfigurationIsVisible = 0;
			defaultConfigurationName = Release;
		};
/* End XCConfigurationList section */
	};
	rootObject = C50C8DE4241A8DB700D60B81 /* Project object */;
}
